
Microsoft Visual Studio Solution File, Format Version 12.00
# Visual Studio Version 17
VisualStudioVersion = 17.0.31903.59
MinimumVisualStudioVersion = 10.0.40219.1
Project("{2150E333-8FDC-42A3-9474-1A3956D46DE8}") = "src", "src", "{E9CD02B1-FEAA-40ED-93B9-C065B72752E5}"
EndProject
Project("{FAE04EC0-301F-11D3-BF4B-00C04F79EFBC}") = "FieldOpsOptimizer.Domain", "src\FieldOpsOptimizer.Domain\FieldOpsOptimizer.Domain.csproj", "{B8F8A8CC-9BA4-4241-AA8C-CD388F5698E6}"
EndProject
Project("{FAE04EC0-301F-11D3-BF4B-00C04F79EFBC}") = "FieldOpsOptimizer.Application", "src\FieldOpsOptimizer.Application\FieldOpsOptimizer.Application.csproj", "{62B1112C-E625-4500-BD32-1EEF509E0308}"
EndProject
Project("{FAE04EC0-301F-11D3-BF4B-00C04F79EFBC}") = "FieldOpsOptimizer.Infrastructure", "src\FieldOpsOptimizer.Infrastructure\FieldOpsOptimizer.Infrastructure.csproj", "{700EC1D9-0C59-4890-9F08-66AEBF31D66B}"
EndProject
Project("{FAE04EC0-301F-11D3-BF4B-00C04F79EFBC}") = "FieldOpsOptimizer.Api", "src\FieldOpsOptimizer.Api\FieldOpsOptimizer.Api.csproj", "{EA254B7A-EFB3-44A3-B322-FAAE8298232A}"
EndProject
Project("{FAE04EC0-301F-11D3-BF4B-00C04F79EFBC}") = "FieldOpsOptimizer.Web", "src\FieldOpsOptimizer.Web\FieldOpsOptimizer.Web.csproj", "{C1FB7787-CB3A-465C-8258-BC130676599A}"
EndProject
Project("{FAE04EC0-301F-11D3-BF4B-00C04F79EFBC}") = "FieldOpsOptimizer.Simulator", "src\FieldOpsOptimizer.Simulator\FieldOpsOptimizer.Simulator.csproj", "{41D0F1D4-DCA7-416C-8230-5E8F85E07BAC}"
EndProject
Project("{2150E333-8FDC-42A3-9474-1A3956D46DE8}") = "tests", "tests", "{7ABBB63B-DC02-4074-A80C-043A2D5B07E5}"
EndProject
Project("{FAE04EC0-301F-11D3-BF4B-00C04F79EFBC}") = "FieldOpsOptimizer.Domain.Tests", "tests\FieldOpsOptimizer.Domain.Tests\FieldOpsOptimizer.Domain.Tests.csproj", "{39A2BA92-BEAA-479F-B82D-EAAA8F95CF89}"
EndProject
Project("{FAE04EC0-301F-11D3-BF4B-00C04F79EFBC}") = "FieldOpsOptimizer.Application.Tests", "tests\FieldOpsOptimizer.Application.Tests\FieldOpsOptimizer.Application.Tests.csproj", "{49BB6DE0-2D0F-4FE5-B72D-EF0C13E6F799}"
EndProject
Global
	GlobalSection(SolutionConfigurationPlatforms) = preSolution
		Debug|Any CPU = Debug|Any CPU
		Release|Any CPU = Release|Any CPU
	EndGlobalSection
	GlobalSection(SolutionProperties) = preSolution
		HideSolutionNode = FALSE
	EndGlobalSection
	GlobalSection(ProjectConfigurationPlatforms) = postSolution
		{B8F8A8CC-9BA4-4241-AA8C-CD388F5698E6}.Debug|Any CPU.ActiveCfg = Debug|Any CPU
		{B8F8A8CC-9BA4-4241-AA8C-CD388F5698E6}.Debug|Any CPU.Build.0 = Debug|Any CPU
		{B8F8A8CC-9BA4-4241-AA8C-CD388F5698E6}.Release|Any CPU.ActiveCfg = Release|Any CPU
		{B8F8A8CC-9BA4-4241-AA8C-CD388F5698E6}.Release|Any CPU.Build.0 = Release|Any CPU
		{62B1112C-E625-4500-BD32-1EEF509E0308}.Debug|Any CPU.ActiveCfg = Debug|Any CPU
		{62B1112C-E625-4500-BD32-1EEF509E0308}.Debug|Any CPU.Build.0 = Debug|Any CPU
		{62B1112C-E625-4500-BD32-1EEF509E0308}.Release|Any CPU.ActiveCfg = Release|Any CPU
		{62B1112C-E625-4500-BD32-1EEF509E0308}.Release|Any CPU.Build.0 = Release|Any CPU
		{700EC1D9-0C59-4890-9F08-66AEBF31D66B}.Debug|Any CPU.ActiveCfg = Debug|Any CPU
		{700EC1D9-0C59-4890-9F08-66AEBF31D66B}.Debug|Any CPU.Build.0 = Debug|Any CPU
		{700EC1D9-0C59-4890-9F08-66AEBF31D66B}.Release|Any CPU.ActiveCfg = Release|Any CPU
		{700EC1D9-0C59-4890-9F08-66AEBF31D66B}.Release|Any CPU.Build.0 = Release|Any CPU
		{EA254B7A-EFB3-44A3-B322-FAAE8298232A}.Debug|Any CPU.ActiveCfg = Debug|Any CPU
		{EA254B7A-EFB3-44A3-B322-FAAE8298232A}.Debug|Any CPU.Build.0 = Debug|Any CPU
		{EA254B7A-EFB3-44A3-B322-FAAE8298232A}.Release|Any CPU.ActiveCfg = Release|Any CPU
		{EA254B7A-EFB3-44A3-B322-FAAE8298232A}.Release|Any CPU.Build.0 = Release|Any CPU
		{C1FB7787-CB3A-465C-8258-BC130676599A}.Debug|Any CPU.ActiveCfg = Debug|Any CPU
		{C1FB7787-CB3A-465C-8258-BC130676599A}.Debug|Any CPU.Build.0 = Debug|Any CPU
		{C1FB7787-CB3A-465C-8258-BC130676599A}.Release|Any CPU.ActiveCfg = Release|Any CPU
		{C1FB7787-CB3A-465C-8258-BC130676599A}.Release|Any CPU.Build.0 = Release|Any CPU
		{41D0F1D4-DCA7-416C-8230-5E8F85E07BAC}.Debug|Any CPU.ActiveCfg = Debug|Any CPU
		{41D0F1D4-DCA7-416C-8230-5E8F85E07BAC}.Debug|Any CPU.Build.0 = Debug|Any CPU
		{41D0F1D4-DCA7-416C-8230-5E8F85E07BAC}.Release|Any CPU.ActiveCfg = Release|Any CPU
		{41D0F1D4-DCA7-416C-8230-5E8F85E07BAC}.Release|Any CPU.Build.0 = Release|Any CPU
		{39A2BA92-BEAA-479F-B82D-EAAA8F95CF89}.Debug|Any CPU.ActiveCfg = Debug|Any CPU
		{39A2BA92-BEAA-479F-B82D-EAAA8F95CF89}.Debug|Any CPU.Build.0 = Debug|Any CPU
		{39A2BA92-BEAA-479F-B82D-EAAA8F95CF89}.Release|Any CPU.ActiveCfg = Release|Any CPU
		{39A2BA92-BEAA-479F-B82D-EAAA8F95CF89}.Release|Any CPU.Build.0 = Release|Any CPU
		{49BB6DE0-2D0F-4FE5-B72D-EF0C13E6F799}.Debug|Any CPU.ActiveCfg = Debug|Any CPU
		{49BB6DE0-2D0F-4FE5-B72D-EF0C13E6F799}.Debug|Any CPU.Build.0 = Debug|Any CPU
		{49BB6DE0-2D0F-4FE5-B72D-EF0C13E6F799}.Release|Any CPU.ActiveCfg = Release|Any CPU
		{49BB6DE0-2D0F-4FE5-B72D-EF0C13E6F799}.Release|Any CPU.Build.0 = Release|Any CPU
	EndGlobalSection
	GlobalSection(NestedProjects) = preSolution
		{B8F8A8CC-9BA4-4241-AA8C-CD388F5698E6} = {E9CD02B1-FEAA-40ED-93B9-C065B72752E5}
		{62B1112C-E625-4500-BD32-1EEF509E0308} = {E9CD02B1-FEAA-40ED-93B9-C065B72752E5}
		{700EC1D9-0C59-4890-9F08-66AEBF31D66B} = {E9CD02B1-FEAA-40ED-93B9-C065B72752E5}
		{EA254B7A-EFB3-44A3-B322-FAAE8298232A} = {E9CD02B1-FEAA-40ED-93B9-C065B72752E5}
		{C1FB7787-CB3A-465C-8258-BC130676599A} = {E9CD02B1-FEAA-40ED-93B9-C065B72752E5}
		{41D0F1D4-DCA7-416C-8230-5E8F85E07BAC} = {E9CD02B1-FEAA-40ED-93B9-C065B72752E5}
		{39A2BA92-BEAA-479F-B82D-EAAA8F95CF89} = {7ABBB63B-DC02-4074-A80C-043A2D5B07E5}
		{49BB6DE0-2D0F-4FE5-B72D-EF0C13E6F799} = {7ABBB63B-DC02-4074-A80C-043A2D5B07E5}
	EndGlobalSection
EndGlobal
